
Microsoft Visual Studio Solution File, Format Version 12.00
# Visual Studio Version 17
VisualStudioVersion = 17.11.35303.130
MinimumVisualStudioVersion = 10.0.40219.1
Project("{FAE04EC0-301F-11D3-BF4B-00C04F79EFBC}") = "Task2", "Task2\Task2.csproj", "{2AB61F5B-04C4-4BA7-A6D7-7597745693B1}"
EndProject
Global
	GlobalSection(SolutionConfigurationPlatforms) = preSolution
		Debug|Any CPU = Debug|Any CPU
		Release|Any CPU = Release|Any CPU
	EndGlobalSection
	GlobalSection(ProjectConfigurationPlatforms) = postSolution
		{2AB61F5B-04C4-4BA7-A6D7-7597745693B1}.Debug|Any CPU.ActiveCfg = Debug|Any CPU
		{2AB61F5B-04C4-4BA7-A6D7-7597745693B1}.Debug|Any CPU.Build.0 = Debug|Any CPU
		{2AB61F5B-04C4-4BA7-A6D7-7597745693B1}.Release|Any CPU.ActiveCfg = Release|Any CPU
		{2AB61F5B-04C4-4BA7-A6D7-7597745693B1}.Release|Any CPU.Build.0 = Release|Any CPU
	EndGlobalSection
	GlobalSection(SolutionProperties) = preSolution
		HideSolutionNode = FALSE
	EndGlobalSection
	GlobalSection(ExtensibilityGlobals) = postSolution
		SolutionGuid = {44672E89-81D6-4965-A78B-4D98AE091B9E}
	EndGlobalSection
EndGlobal
